{
  "name": "Sommelie_Ruslan_Tretiak",
  "lockfileVersion": 3,
  "requires": true,
  "packages": {
    "": {
      "dependencies": {
        "fullcalendar": "^6.1.14",
        "fullcalendar-scheduler": "^6.1.14"
      }
    },
    "node_modules/@fullcalendar/adaptive": {
      "version": "6.1.14",
      "resolved": "https://registry.npmjs.org/@fullcalendar/adaptive/-/adaptive-6.1.14.tgz",
      "integrity": "sha512-cU0yHtjyMWOJBJM4fQrMfTU76+K5cBrtWqCVYNaAsIMYPTqRsVQDxFR5Fr2BPfG7MhyBgFl1u3NNE0D/FLABqA==",
      "dependencies": {
        "@fullcalendar/premium-common": "~6.1.14"
      },
      "peerDependencies": {
        "@fullcalendar/core": "~6.1.14"
      }
    },
    "node_modules/@fullcalendar/core": {
      "version": "6.1.14",
      "resolved": "https://registry.npmjs.org/@fullcalendar/core/-/core-6.1.14.tgz",
      "integrity": "sha512-hIPRBevm0aMc2aHy1hRIJgXmI1QTvQM1neQa9oxtuqUmF1+ApYC3oAdwcQMTuI7lHHw3pKJDyJFkKLPPnL6HXA==",
      "dependencies": {
        "preact": "~10.12.1"
      }
    },
    "node_modules/@fullcalendar/daygrid": {
      "version": "6.1.14",
      "resolved": "https://registry.npmjs.org/@fullcalendar/daygrid/-/daygrid-6.1.14.tgz",
      "integrity": "sha512-DSyjiA1dEM8k3bOCrZpZOmAOZu71KGtH02ze+4QKuhxkmn/zQghmmLRdfzpOrcyJg6xGKkoB4pBcO+2lXar8XQ==",
      "peerDependencies": {
        "@fullcalendar/core": "~6.1.14"
      }
    },
    "node_modules/@fullcalendar/interaction": {
      "version": "6.1.14",
      "resolved": "https://registry.npmjs.org/@fullcalendar/interaction/-/interaction-6.1.14.tgz",
      "integrity": "sha512-rXum5XCjq+WEPNctFeYL/JKZGeU2rlxrElygocdMegcrIBJQW5hnWWVE+i4/1dOmUKF80CbGVlXUyYXoqK2eFg==",
      "peerDependencies": {
        "@fullcalendar/core": "~6.1.14"
      }
    },
    "node_modules/@fullcalendar/list": {
      "version": "6.1.14",
      "resolved": "https://registry.npmjs.org/@fullcalendar/list/-/list-6.1.14.tgz",
      "integrity": "sha512-eV0/6iCumYfvlPzIUTAONWH17/JlQCyCChUz8m06L4E/sOiNjkHGz8vlVTmZKqXzx9oWOOyV/Nm3pCtHmVZh+Q==",
      "peerDependencies": {
        "@fullcalendar/core": "~6.1.14"
      }
    },
    "node_modules/@fullcalendar/multimonth": {
      "version": "6.1.14",
      "resolved": "https://registry.npmjs.org/@fullcalendar/multimonth/-/multimonth-6.1.14.tgz",
      "integrity": "sha512-el2vbZZgTkdufgOvRxqx61czjRMfEK50449g4SkqbagtS3ITNMAv84KHFcsbXVbd9Nh3UhbXDuYZuzJZpvY7mQ==",
      "dependencies": {
        "@fullcalendar/daygrid": "~6.1.14"
      },
      "peerDependencies": {
        "@fullcalendar/core": "~6.1.14"
      }
    },
    "node_modules/@fullcalendar/premium-common": {
      "version": "6.1.14",
      "resolved": "https://registry.npmjs.org/@fullcalendar/premium-common/-/premium-common-6.1.14.tgz",
      "integrity": "sha512-Fw8GZ6mjZtv6toliSr3iHwIqLIjx3+7fdd828OO4LGzX1wcnCd74CfWqR1tvg+9YLUKmRXNEGgQaN4y5j/XpKg==",
      "peerDependencies": {
        "@fullcalendar/core": "~6.1.14"
      }
    },
    "node_modules/@fullcalendar/resource": {
      "version": "6.1.14",
      "resolved": "https://registry.npmjs.org/@fullcalendar/resource/-/resource-6.1.14.tgz",
      "integrity": "sha512-iTwFIZ/EMDoUaJArsNXbpIeGjkQLgm1R4lKD7WwJ2bC+FGNwCs3lVDYrWaCwCggt38BoVDewWcSVkDy1lyhd3A==",
      "dependencies": {
        "@fullcalendar/premium-common": "~6.1.14"
      },
      "peerDependencies": {
        "@fullcalendar/core": "~6.1.14"
      }
    },
    "node_modules/@fullcalendar/resource-daygrid": {
      "version": "6.1.14",
      "resolved": "https://registry.npmjs.org/@fullcalendar/resource-daygrid/-/resource-daygrid-6.1.14.tgz",
      "integrity": "sha512-JWDJxwD+oFHwvqas6XVacVd42hpzC1thVwrzuEfi9OYSOLdrkagyoTTIjk3BZAwb/s/z8Y6TZv6ttgGZS3KlYg==",
      "dependencies": {
        "@fullcalendar/daygrid": "~6.1.14",
        "@fullcalendar/premium-common": "~6.1.14"
      },
      "peerDependencies": {
        "@fullcalendar/core": "~6.1.14",
        "@fullcalendar/resource": "~6.1.14"
      }
    },
    "node_modules/@fullcalendar/resource-timegrid": {
      "version": "6.1.14",
      "resolved": "https://registry.npmjs.org/@fullcalendar/resource-timegrid/-/resource-timegrid-6.1.14.tgz",
      "integrity": "sha512-uiS+xEBJG44ZcgyssY2LDcmNCbO5vQbn/oLZ/21lHG5KlgiiC3nDwLczq0QUtidKDJa+j390o6SHzu3pvptiJQ==",
      "dependencies": {
        "@fullcalendar/premium-common": "~6.1.14",
        "@fullcalendar/resource-daygrid": "~6.1.14",
        "@fullcalendar/timegrid": "~6.1.14"
      },
      "peerDependencies": {
        "@fullcalendar/core": "~6.1.14",
        "@fullcalendar/resource": "~6.1.14"
      }
    },
    "node_modules/@fullcalendar/resource-timeline": {
      "version": "6.1.14",
      "resolved": "https://registry.npmjs.org/@fullcalendar/resource-timeline/-/resource-timeline-6.1.14.tgz",
      "integrity": "sha512-YzmGlfIRMiXHnHSJXdHiW9rqNEVgMHNlgBi5dDmd/g5huhJeHa+thZsy0rrFbHorN+ZQWX2m0R5DIhpLtnmGog==",
      "dependencies": {
        "@fullcalendar/premium-common": "~6.1.14",
        "@fullcalendar/scrollgrid": "~6.1.14",
        "@fullcalendar/timeline": "~6.1.14"
      },
      "peerDependencies": {
        "@fullcalendar/core": "~6.1.14",
        "@fullcalendar/resource": "~6.1.14"
      }
    },
    "node_modules/@fullcalendar/scrollgrid": {
      "version": "6.1.14",
      "resolved": "https://registry.npmjs.org/@fullcalendar/scrollgrid/-/scrollgrid-6.1.14.tgz",
      "integrity": "sha512-LVLdjMgzf0uDNWzB7GWOrZAGF61pa/J0ipJHfG3BTO5Ri5qZbOHpVcPuW94LOFnaGZpbaOG2YQlKygrujAAbvA==",
      "dependencies": {
        "@fullcalendar/premium-common": "~6.1.14"
      },
      "peerDependencies": {
        "@fullcalendar/core": "~6.1.14"
      }
    },
    "node_modules/@fullcalendar/timegrid": {
      "version": "6.1.14",
      "resolved": "https://registry.npmjs.org/@fullcalendar/timegrid/-/timegrid-6.1.14.tgz",
      "integrity": "sha512-ZByc3BVAtxWSVfyaNedROLlg/Tb2NQ43+MZZAfBSrVwVm2xyfQ+Bsx3pJyCXsRsUh2TFFTO07q7nMWe0jet3KQ==",
      "dependencies": {
        "@fullcalendar/daygrid": "~6.1.14"
      },
      "peerDependencies": {
        "@fullcalendar/core": "~6.1.14"
      }
    },
    "node_modules/@fullcalendar/timeline": {
      "version": "6.1.14",
      "resolved": "https://registry.npmjs.org/@fullcalendar/timeline/-/timeline-6.1.14.tgz",
      "integrity": "sha512-5UvugmoJsXeinrHwH57hMgFWh77KagWtxOkrSL5DwaRj4DTb2loV/pkYD5GJaMjpsZqZcUW0V8kICUzNbkZXag==",
      "dependencies": {
        "@fullcalendar/premium-common": "~6.1.14",
        "@fullcalendar/scrollgrid": "~6.1.14"
      },
      "peerDependencies": {
        "@fullcalendar/core": "~6.1.14"
      }
    },
    "node_modules/fullcalendar": {
      "version": "6.1.14",
      "resolved": "https://registry.npmjs.org/fullcalendar/-/fullcalendar-6.1.14.tgz",
      "integrity": "sha512-uGaJrhafNE50VwHRkIROxXMKDZUr7yXgCJ+8VZ561oL5kx2sSWaDsa9WrSYH/NedNJIklUP5XczhIVtcT3aiaQ==",
      "dependencies": {
        "@fullcalendar/core": "~6.1.14",
        "@fullcalendar/daygrid": "~6.1.14",
        "@fullcalendar/interaction": "~6.1.14",
        "@fullcalendar/list": "~6.1.14",
        "@fullcalendar/multimonth": "~6.1.14",
        "@fullcalendar/timegrid": "~6.1.14"
      }
    },
    "node_modules/fullcalendar-scheduler": {
      "version": "6.1.14",
      "resolved": "https://registry.npmjs.org/fullcalendar-scheduler/-/fullcalendar-scheduler-6.1.14.tgz",
      "integrity": "sha512-zJhfbS4XeXuV7mkTEqqbFSNBSVnNVfhBS14FYcJcMnwbO6Rm74KaS7xGAfvCM+gzXofM+4jNCAFUQoth0sHAPA==",
      "dependencies": {
        "@fullcalendar/adaptive": "~6.1.14",
        "@fullcalendar/core": "~6.1.14",
        "@fullcalendar/daygrid": "~6.1.14",
        "@fullcalendar/interaction": "~6.1.14",
        "@fullcalendar/list": "~6.1.14",
        "@fullcalendar/multimonth": "~6.1.14",
        "@fullcalendar/resource": "~6.1.14",
        "@fullcalendar/resource-daygrid": "~6.1.14",
        "@fullcalendar/resource-timegrid": "~6.1.14",
        "@fullcalendar/resource-timeline": "~6.1.14",
        "@fullcalendar/scrollgrid": "~6.1.14",
        "@fullcalendar/timegrid": "~6.1.14",
        "@fullcalendar/timeline": "~6.1.14"
      }
    },
    "node_modules/preact": {
      "version": "10.12.1",
      "resolved": "https://registry.npmjs.org/preact/-/preact-10.12.1.tgz",
      "integrity": "sha512-l8386ixSsBdbreOAkqtrwqHwdvR35ID8c3rKPa8lCWuO86dBi32QWHV4vfsZK1utLLFMvw+Z5Ad4XLkZzchscg==",
      "funding": {
        "type": "opencollective",
        "url": "https://opencollective.com/preact"
      }
    }
  }
}
